{
  "requires": true,
  "lockfileVersion": 1,
  "dependencies": {
    "acorn": {
      "version": "8.1.1",
      "resolved": "https://registry.npmjs.org/acorn/-/acorn-8.1.1.tgz",
      "integrity": "sha512-xYiIVjNuqtKXMxlRMDc6mZUhXehod4a3gbZ1qRlM7icK4EbxUFNLhWoPblCvFtB2Y9CIqHP3CF/rdxLItaQv8g=="
    },
    "acorn-jsx": {
      "version": "5.3.1",
      "resolved": "https://registry.npmjs.org/acorn-jsx/-/acorn-jsx-5.3.1.tgz",
      "integrity": "sha512-K0Ptm/47OKfQRpNQ2J/oIN/3QYiK6FwW+eJbILhsdxh2WTLdl+30o8aGdTbm5JbffpFFAg/g+zi1E+jvJha5ng=="
    }
  }
}
